
Microsoft Visual Studio Solution File, Format Version 10.00
# Visual Studio 2008
Project("{2150E333-8FDC-42A3-9474-1A3956D46DE8}") = "tools", "tools", "{E4F0625C-69F0-4E2B-A9B5-501B0A8825C9}"
EndProject
Project("{8BC9CEB8-8B4A-11D0-8D11-00A0C91BC942}") = "test", "..\..\tools\test\test.vcproj", "{7B50E792-918A-46A9-8A70-5B48E6BCB4B7}"
EndProject
Project("{2150E333-8FDC-42A3-9474-1A3956D46DE8}") = "apps", "apps", "{DCD5A87D-8E51-45A6-97AE-3D7A0C8D0E21}"
EndProject
Project("{8BC9CEB8-8B4A-11D0-8D11-00A0C91BC942}") = "testd3d", "..\..\apps\testd3d\testd3d.vcproj", "{831A6908-0F92-4371-8115-27052080CCA5}"
	ProjectSection(ProjectDependencies) = postProject
		{D72ACFF7-8329-4DBC-8CB5-25BA91332FCF} = {D72ACFF7-8329-4DBC-8CB5-25BA91332FCF}
	EndProjectSection
EndProject
Project("{2150E333-8FDC-42A3-9474-1A3956D46DE8}") = "libs", "libs", "{6BA28755-979E-4168-B2AD-D66BCE3B00BE}"
EndProject
Project("{8BC9CEB8-8B4A-11D0-8D11-00A0C91BC942}") = "DXUT", "..\..\libs\DXUT\DXUT.vcproj", "{D72ACFF7-8329-4DBC-8CB5-25BA91332FCF}"
EndProject
Project("{2150E333-8FDC-42A3-9474-1A3956D46DE8}") = "props", "props", "{FF55A750-DB5F-4C4A-818A-9A9AB5DACD72}"
	ProjectSection(SolutionItems) = preProject
		..\..\props\d3d.vsprops = ..\..\props\d3d.vsprops
		..\..\props\tools.vsprops = ..\..\props\tools.vsprops
	EndProjectSection
EndProject
Project("{8BC9CEB8-8B4A-11D0-8D11-00A0C91BC942}") = "boost", "..\..\libs\boost\boost.vcproj", "{9A8F19C1-02BF-4D05-AB08-D2B58B9032E1}"
EndProject
Project("{8BC9CEB8-8B4A-11D0-8D11-00A0C91BC942}") = "tinyxml", "..\..\libs\tinyxml\tinyxml.vcproj", "{62C1258A-F10C-400E-B4FD-49E6B4505051}"
EndProject
Project("{8BC9CEB8-8B4A-11D0-8D11-00A0C91BC942}") = "zlib", "..\..\libs\zlib\zlib.vcproj", "{9DF25DF3-0398-4C25-9A42-0B0ABBF24A85}"
EndProject
Project("{8BC9CEB8-8B4A-11D0-8D11-00A0C91BC942}") = "expat", "..\..\libs\expat\expat.vcproj", "{289680FD-76A9-409D-88A9-C9EA926C56B3}"
EndProject
Project("{8BC9CEB8-8B4A-11D0-8D11-00A0C91BC942}") = "minizip", "..\..\libs\minizip\minizip.vcproj", "{0F2EEB54-8D8B-48D2-B81E-F170840CBC6B}"
EndProject
Project("{8BC9CEB8-8B4A-11D0-8D11-00A0C91BC942}") = "services", "..\..\libs\services\services.vcproj", "{D058A6CB-DBAF-46EA-95EA-0B459A3B80F2}"
EndProject
Project("{8BC9CEB8-8B4A-11D0-8D11-00A0C91BC942}") = "tools", "..\..\libs\tools\tools.vcproj", "{791E5B08-ABC9-4742-9EDC-79E68802767F}"
EndProject
Project("{8BC9CEB8-8B4A-11D0-8D11-00A0C91BC942}") = "base", "..\..\libs\base\base.vcproj", "{A972EBC0-8ADA-4232-99E1-109AB4BA3C23}"
EndProject
Global
	GlobalSection(SolutionConfigurationPlatforms) = preSolution
		Debug|Win32 = Debug|Win32
		Release|Win32 = Release|Win32
	EndGlobalSection
	GlobalSection(ProjectConfigurationPlatforms) = postSolution
		{7B50E792-918A-46A9-8A70-5B48E6BCB4B7}.Debug|Win32.ActiveCfg = Debug|Win32
		{7B50E792-918A-46A9-8A70-5B48E6BCB4B7}.Debug|Win32.Build.0 = Debug|Win32
		{7B50E792-918A-46A9-8A70-5B48E6BCB4B7}.Release|Win32.ActiveCfg = Release|Win32
		{7B50E792-918A-46A9-8A70-5B48E6BCB4B7}.Release|Win32.Build.0 = Release|Win32
		{831A6908-0F92-4371-8115-27052080CCA5}.Debug|Win32.ActiveCfg = Debug|Win32
		{831A6908-0F92-4371-8115-27052080CCA5}.Debug|Win32.Build.0 = Debug|Win32
		{831A6908-0F92-4371-8115-27052080CCA5}.Release|Win32.ActiveCfg = Release|Win32
		{831A6908-0F92-4371-8115-27052080CCA5}.Release|Win32.Build.0 = Release|Win32
		{D72ACFF7-8329-4DBC-8CB5-25BA91332FCF}.Debug|Win32.ActiveCfg = Debug|Win32
		{D72ACFF7-8329-4DBC-8CB5-25BA91332FCF}.Debug|Win32.Build.0 = Debug|Win32
		{D72ACFF7-8329-4DBC-8CB5-25BA91332FCF}.Release|Win32.ActiveCfg = Release|Win32
		{D72ACFF7-8329-4DBC-8CB5-25BA91332FCF}.Release|Win32.Build.0 = Release|Win32
		{9A8F19C1-02BF-4D05-AB08-D2B58B9032E1}.Debug|Win32.ActiveCfg = Debug|Win32
		{9A8F19C1-02BF-4D05-AB08-D2B58B9032E1}.Debug|Win32.Build.0 = Debug|Win32
		{9A8F19C1-02BF-4D05-AB08-D2B58B9032E1}.Release|Win32.ActiveCfg = Release|Win32
		{9A8F19C1-02BF-4D05-AB08-D2B58B9032E1}.Release|Win32.Build.0 = Release|Win32
		{62C1258A-F10C-400E-B4FD-49E6B4505051}.Debug|Win32.ActiveCfg = Debug|Win32
		{62C1258A-F10C-400E-B4FD-49E6B4505051}.Debug|Win32.Build.0 = Debug|Win32
		{62C1258A-F10C-400E-B4FD-49E6B4505051}.Release|Win32.ActiveCfg = Release|Win32
		{62C1258A-F10C-400E-B4FD-49E6B4505051}.Release|Win32.Build.0 = Release|Win32
		{9DF25DF3-0398-4C25-9A42-0B0ABBF24A85}.Debug|Win32.ActiveCfg = Debug|Win32
		{9DF25DF3-0398-4C25-9A42-0B0ABBF24A85}.Debug|Win32.Build.0 = Debug|Win32
		{9DF25DF3-0398-4C25-9A42-0B0ABBF24A85}.Release|Win32.ActiveCfg = Release|Win32
		{9DF25DF3-0398-4C25-9A42-0B0ABBF24A85}.Release|Win32.Build.0 = Release|Win32
		{289680FD-76A9-409D-88A9-C9EA926C56B3}.Debug|Win32.ActiveCfg = Debug|Win32
		{289680FD-76A9-409D-88A9-C9EA926C56B3}.Debug|Win32.Build.0 = Debug|Win32
		{289680FD-76A9-409D-88A9-C9EA926C56B3}.Release|Win32.ActiveCfg = Release|Win32
		{289680FD-76A9-409D-88A9-C9EA926C56B3}.Release|Win32.Build.0 = Release|Win32
		{0F2EEB54-8D8B-48D2-B81E-F170840CBC6B}.Debug|Win32.ActiveCfg = Debug|Win32
		{0F2EEB54-8D8B-48D2-B81E-F170840CBC6B}.Debug|Win32.Build.0 = Debug|Win32
		{0F2EEB54-8D8B-48D2-B81E-F170840CBC6B}.Release|Win32.ActiveCfg = Release|Win32
		{0F2EEB54-8D8B-48D2-B81E-F170840CBC6B}.Release|Win32.Build.0 = Release|Win32
		{D058A6CB-DBAF-46EA-95EA-0B459A3B80F2}.Debug|Win32.ActiveCfg = Debug|Win32
		{D058A6CB-DBAF-46EA-95EA-0B459A3B80F2}.Debug|Win32.Build.0 = Debug|Win32
		{D058A6CB-DBAF-46EA-95EA-0B459A3B80F2}.Release|Win32.ActiveCfg = Release|Win32
		{D058A6CB-DBAF-46EA-95EA-0B459A3B80F2}.Release|Win32.Build.0 = Release|Win32
		{791E5B08-ABC9-4742-9EDC-79E68802767F}.Debug|Win32.ActiveCfg = Debug|Win32
		{791E5B08-ABC9-4742-9EDC-79E68802767F}.Debug|Win32.Build.0 = Debug|Win32
		{791E5B08-ABC9-4742-9EDC-79E68802767F}.Release|Win32.ActiveCfg = Release|Win32
		{791E5B08-ABC9-4742-9EDC-79E68802767F}.Release|Win32.Build.0 = Release|Win32
		{A972EBC0-8ADA-4232-99E1-109AB4BA3C23}.Debug|Win32.ActiveCfg = Debug|Win32
		{A972EBC0-8ADA-4232-99E1-109AB4BA3C23}.Debug|Win32.Build.0 = Debug|Win32
		{A972EBC0-8ADA-4232-99E1-109AB4BA3C23}.Release|Win32.ActiveCfg = Release|Win32
		{A972EBC0-8ADA-4232-99E1-109AB4BA3C23}.Release|Win32.Build.0 = Release|Win32
	EndGlobalSection
	GlobalSection(SolutionProperties) = preSolution
		HideSolutionNode = FALSE
	EndGlobalSection
	GlobalSection(NestedProjects) = preSolution
		{7B50E792-918A-46A9-8A70-5B48E6BCB4B7} = {E4F0625C-69F0-4E2B-A9B5-501B0A8825C9}
		{831A6908-0F92-4371-8115-27052080CCA5} = {DCD5A87D-8E51-45A6-97AE-3D7A0C8D0E21}
		{D72ACFF7-8329-4DBC-8CB5-25BA91332FCF} = {6BA28755-979E-4168-B2AD-D66BCE3B00BE}
		{9A8F19C1-02BF-4D05-AB08-D2B58B9032E1} = {6BA28755-979E-4168-B2AD-D66BCE3B00BE}
		{62C1258A-F10C-400E-B4FD-49E6B4505051} = {6BA28755-979E-4168-B2AD-D66BCE3B00BE}
		{9DF25DF3-0398-4C25-9A42-0B0ABBF24A85} = {6BA28755-979E-4168-B2AD-D66BCE3B00BE}
		{289680FD-76A9-409D-88A9-C9EA926C56B3} = {6BA28755-979E-4168-B2AD-D66BCE3B00BE}
		{0F2EEB54-8D8B-48D2-B81E-F170840CBC6B} = {6BA28755-979E-4168-B2AD-D66BCE3B00BE}
		{D058A6CB-DBAF-46EA-95EA-0B459A3B80F2} = {6BA28755-979E-4168-B2AD-D66BCE3B00BE}
		{791E5B08-ABC9-4742-9EDC-79E68802767F} = {6BA28755-979E-4168-B2AD-D66BCE3B00BE}
		{A972EBC0-8ADA-4232-99E1-109AB4BA3C23} = {6BA28755-979E-4168-B2AD-D66BCE3B00BE}
	EndGlobalSection
EndGlobal
